
Microsoft Visual Studio Solution File, Format Version 10.00
# Visual Studio 2008
Project("{F184B08F-C81C-45F6-A57F-5ABD9991F28F}") = "CommandFusion.RulesProcessor", "CommandFusion.RulesProcessor\CommandFusion.RulesProcessor.vbproj", "{D8EA8709-DC9F-4BE2-BCA3-408111235221}"
EndProject
Project("{F184B08F-C81C-45F6-A57F-5ABD9991F28F}") = "RulesExample", "RulesExample\RulesExample.vbproj", "{3C8C8AF0-BD78-4D6E-AF51-C2922899D4EB}"
EndProject
Global
	GlobalSection(SolutionConfigurationPlatforms) = preSolution
		Debug|Any CPU = Debug|Any CPU
		Release|Any CPU = Release|Any CPU
	EndGlobalSection
	GlobalSection(ProjectConfigurationPlatforms) = postSolution
		{D8EA8709-DC9F-4BE2-BCA3-408111235221}.Debug|Any CPU.ActiveCfg = Debug|Any CPU
		{D8EA8709-DC9F-4BE2-BCA3-408111235221}.Debug|Any CPU.Build.0 = Debug|Any CPU
		{D8EA8709-DC9F-4BE2-BCA3-408111235221}.Release|Any CPU.ActiveCfg = Release|Any CPU
		{D8EA8709-DC9F-4BE2-BCA3-408111235221}.Release|Any CPU.Build.0 = Release|Any CPU
		{3C8C8AF0-BD78-4D6E-AF51-C2922899D4EB}.Debug|Any CPU.ActiveCfg = Debug|Any CPU
		{3C8C8AF0-BD78-4D6E-AF51-C2922899D4EB}.Debug|Any CPU.Build.0 = Debug|Any CPU
		{3C8C8AF0-BD78-4D6E-AF51-C2922899D4EB}.Release|Any CPU.ActiveCfg = Release|Any CPU
		{3C8C8AF0-BD78-4D6E-AF51-C2922899D4EB}.Release|Any CPU.Build.0 = Release|Any CPU
	EndGlobalSection
	GlobalSection(SolutionProperties) = preSolution
		HideSolutionNode = FALSE
	EndGlobalSection
EndGlobal
